{
  "name": "Cage_trucking_website",
  "lockfileVersion": 3,
  "requires": true,
  "packages": {
    "": {
      "dependencies": {
        "bootstrap-drawer": "^1.0.6"
      }
    },
    "node_modules/bootstrap": {
      "version": "3.4.1",
      "resolved": "https://registry.npmjs.org/bootstrap/-/bootstrap-3.4.1.tgz",
      "integrity": "sha512-yN5oZVmRCwe5aKwzRj6736nSmKDX7pLYwsXiCj/EYmo16hODaBiT4En5btW/jhBF/seV+XMx3aYwukYC3A49DA==",
      "engines": {
        "node": ">=6"
      }
    },
    "node_modules/bootstrap-drawer": {
      "version": "1.0.6",
      "resolved": "https://registry.npmjs.org/bootstrap-drawer/-/bootstrap-drawer-1.0.6.tgz",
      "integrity": "sha512-uW0+cClAfuU4tffnod1ibH5mRO88jpxcuvxTn5IqkuBeDbB+bNSIwt4/ngcx+CJHjaxLd/fv07uX2PCwFsv1Ow==",
      "dependencies": {
        "bootstrap": "3.x",
        "jquery": "2.x"
      }
    },
    "node_modules/jquery": {
      "version": "2.2.4",
      "resolved": "https://registry.npmjs.org/jquery/-/jquery-2.2.4.tgz",
      "integrity": "sha512-lBHj60ezci2u1v2FqnZIraShGgEXq35qCzMv4lITyHGppTnA13rwR0MgwyNJh9TnDs3aXUvd1xjAotfraMHX/Q=="
    }
  }
}
